lockfileVersion: '9.0'

settings:
  autoInstallPeers: true
  excludeLinksFromLockfile: false

importers:

  .: {}

  apps/cli:
    dependencies:
      '@jami-studio/harness-sdk':
        specifier: workspace:0.1.1
        version: link:../../packages/sdk
      '@jami-studio/harness-store-local':
        specifier: workspace:0.1.0
        version: link:../../packages/store-local

  apps/workbench: {}

  packages/artifacts: {}

  packages/contracts: {}

  packages/core:
    dependencies:
      '@jami-studio/harness-artifacts':
        specifier: workspace:0.1.0
        version: link:../artifacts
      '@jami-studio/harness-memory':
        specifier: workspace:0.1.0
        version: link:../memory
      '@jami-studio/harness-observability':
        specifier: workspace:0.1.0
        version: link:../observability
      '@jami-studio/harness-policy':
        specifier: workspace:0.1.0
        version: link:../policy
      '@jami-studio/harness-provider-hosted':
        specifier: workspace:0.1.0
        version: link:../provider-hosted
      '@jami-studio/harness-provider-local':
        specifier: workspace:0.1.0
        version: link:../provider-local
      '@jami-studio/harness-store-local':
        specifier: workspace:0.1.0
        version: link:../store-local
      '@jami-studio/harness-tools':
        specifier: workspace:0.1.0
        version: link:../tools

  packages/docs: {}

  packages/memory: {}

  packages/observability:
    dependencies:
      '@jami-studio/harness-artifacts':
        specifier: workspace:0.1.0
        version: link:../artifacts

  packages/policy: {}

  packages/provider-hosted:
    dependencies:
      '@jami-studio/harness-provider-local':
        specifier: workspace:0.1.0
        version: link:../provider-local

  packages/provider-local: {}

  packages/runtime:
    dependencies:
      '@jami-studio/harness-policy':
        specifier: workspace:0.1.0
        version: link:../policy

  packages/sdk:
    dependencies:
      '@jami-studio/harness-artifacts':
        specifier: workspace:0.1.0
        version: link:../artifacts
      '@jami-studio/harness-core':
        specifier: workspace:0.1.1
        version: link:../core
      '@jami-studio/harness-runtime':
        specifier: workspace:0.1.0
        version: link:../runtime

  packages/store-local: {}

  packages/tools:
    dependencies:
      '@jami-studio/harness-artifacts':
        specifier: workspace:0.1.0
        version: link:../artifacts
      '@jami-studio/harness-observability':
        specifier: workspace:0.1.0
        version: link:../observability
      '@jami-studio/harness-policy':
        specifier: workspace:0.1.0
        version: link:../policy
